
Microsoft Visual Studio Solution File, Format Version 12.00
# Visual Studio Version 17
VisualStudioVersion = 17.8.34309.116
MinimumVisualStudioVersion = 10.0.40219.1
Project("{FAE04EC0-301F-11D3-BF4B-00C04F79EFBC}") = "BagAtlas", "BagAtlas\BagAtlas.csproj", "{8FFEBCE7-2A36-47E7-B024-2870BBA27B63}"
EndProject
Global
	GlobalSection(SolutionConfigurationPlatforms) = preSolution
		Debug|Any CPU = Debug|Any CPU
		Release|Any CPU = Release|Any CPU
	EndGlobalSection
	GlobalSection(ProjectConfigurationPlatforms) = postSolution
		{8FFEBCE7-2A36-47E7-B024-2870BBA27B63}.Debug|Any CPU.ActiveCfg = Debug|Any CPU
		{8FFEBCE7-2A36-47E7-B024-2870BBA27B63}.Debug|Any CPU.Build.0 = Debug|Any CPU
		{8FFEBCE7-2A36-47E7-B024-2870BBA27B63}.Release|Any CPU.ActiveCfg = Release|Any CPU
		{8FFEBCE7-2A36-47E7-B024-2870BBA27B63}.Release|Any CPU.Build.0 = Release|Any CPU
	EndGlobalSection
	GlobalSection(SolutionProperties) = preSolution
		HideSolutionNode = FALSE
	EndGlobalSection
	GlobalSection(ExtensibilityGlobals) = postSolution
		SolutionGuid = {A1DFD2AC-88BE-48C2-A8D3-09FEBA8ED22E}
	EndGlobalSection
EndGlobal
